
Microsoft Visual Studio Solution File, Format Version 12.00
# Visual Studio Version 17
VisualStudioVersion = 17.9.34622.214
MinimumVisualStudioVersion = 10.0.40219.1
Project("{FAE04EC0-301F-11D3-BF4B-00C04F79EFBC}") = "GamingStore", "GamingStore\GamingStore.csproj", "{6E3A2E2C-68BF-4F36-9A2C-25E1646D0098}"
EndProject
Project("{FAE04EC0-301F-11D3-BF4B-00C04F79EFBC}") = "GamingStore.Infrastructure", "GamingStore.Infrastructure\GamingStore.Infrastructure.csproj", "{B071FECF-3843-4AE4-881B-5DFBA8A9B925}"
EndProject
Project("{FAE04EC0-301F-11D3-BF4B-00C04F79EFBC}") = "GamingStore.Core", "GamingStore.Core\GamingStore.Core.csproj", "{8137FCB9-C98C-405B-9277-C72F082B985B}"
EndProject
Global
	GlobalSection(SolutionConfigurationPlatforms) = preSolution
		Debug|Any CPU = Debug|Any CPU
		Release|Any CPU = Release|Any CPU
	EndGlobalSection
	GlobalSection(ProjectConfigurationPlatforms) = postSolution
		{6E3A2E2C-68BF-4F36-9A2C-25E1646D0098}.Debug|Any CPU.ActiveCfg = Debug|Any CPU
		{6E3A2E2C-68BF-4F36-9A2C-25E1646D0098}.Debug|Any CPU.Build.0 = Debug|Any CPU
		{6E3A2E2C-68BF-4F36-9A2C-25E1646D0098}.Release|Any CPU.ActiveCfg = Release|Any CPU
		{6E3A2E2C-68BF-4F36-9A2C-25E1646D0098}.Release|Any CPU.Build.0 = Release|Any CPU
		{B071FECF-3843-4AE4-881B-5DFBA8A9B925}.Debug|Any CPU.ActiveCfg = Debug|Any CPU
		{B071FECF-3843-4AE4-881B-5DFBA8A9B925}.Debug|Any CPU.Build.0 = Debug|Any CPU
		{B071FECF-3843-4AE4-881B-5DFBA8A9B925}.Release|Any CPU.ActiveCfg = Release|Any CPU
		{B071FECF-3843-4AE4-881B-5DFBA8A9B925}.Release|Any CPU.Build.0 = Release|Any CPU
		{8137FCB9-C98C-405B-9277-C72F082B985B}.Debug|Any CPU.ActiveCfg = Debug|Any CPU
		{8137FCB9-C98C-405B-9277-C72F082B985B}.Debug|Any CPU.Build.0 = Debug|Any CPU
		{8137FCB9-C98C-405B-9277-C72F082B985B}.Release|Any CPU.ActiveCfg = Release|Any CPU
		{8137FCB9-C98C-405B-9277-C72F082B985B}.Release|Any CPU.Build.0 = Release|Any CPU
	EndGlobalSection
	GlobalSection(SolutionProperties) = preSolution
		HideSolutionNode = FALSE
	EndGlobalSection
	GlobalSection(ExtensibilityGlobals) = postSolution
		SolutionGuid = {E81B29FD-9893-4553-8691-2E646B5A3AA0}
	EndGlobalSection
EndGlobal
